
Microsoft Visual Studio Solution File, Format Version 12.00
# Visual Studio 2013
VisualStudioVersion = 12.0.31101.0
MinimumVisualStudioVersion = 10.0.40219.1
Project("{FAE04EC0-301F-11D3-BF4B-00C04F79EFBC}") = "01.DecimalToBinary", "01.DecimalToBinary\01.DecimalToBinary.csproj", "{6123C194-53BD-4843-A696-7E95373AF00A}"
EndProject
Project("{FAE04EC0-301F-11D3-BF4B-00C04F79EFBC}") = "02.BinaryToDecimal", "02.BinaryToDecimal\02.BinaryToDecimal.csproj", "{223B7913-164C-4907-89E2-A8D5AF0567DE}"
EndProject
Project("{FAE04EC0-301F-11D3-BF4B-00C04F79EFBC}") = "03.DecimalToHexadecimal", "03.DecimalToHexadecimal\03.DecimalToHexadecimal.csproj", "{56B01358-1B29-48B3-B1AB-D38C7A8E6FC0}"
EndProject
Project("{FAE04EC0-301F-11D3-BF4B-00C04F79EFBC}") = "04.HexadecimalToDecimal", "04.HexadecimalToDecimal\04.HexadecimalToDecimal.csproj", "{DD5866EE-4D8F-436A-9319-556259AD0E25}"
EndProject
Project("{FAE04EC0-301F-11D3-BF4B-00C04F79EFBC}") = "05.HexadecimalToBinary", "05.HexadecimalToBinary\05.HexadecimalToBinary.csproj", "{F4051B19-2EDE-4B8A-A154-D762EE17EA5F}"
EndProject
Project("{FAE04EC0-301F-11D3-BF4B-00C04F79EFBC}") = "06.BinaryToHexadecimal", "06.BinaryToHexadecimal\06.BinaryToHexadecimal.csproj", "{A26FEC3C-3081-4BCA-8B67-1A4882A387F3}"
EndProject
Project("{FAE04EC0-301F-11D3-BF4B-00C04F79EFBC}") = "07.OneSystemToAnyOther", "07.OneSystemToAnyOther\07.OneSystemToAnyOther.csproj", "{C27298F0-40FD-461B-B0FB-D314314D88F6}"
EndProject
Project("{FAE04EC0-301F-11D3-BF4B-00C04F79EFBC}") = "08.BinaryShort", "08.BinaryShort\08.BinaryShort.csproj", "{E004B743-A1BA-4BFB-90F8-67829D4E49FA}"
EndProject
Global
	GlobalSection(SolutionConfigurationPlatforms) = preSolution
		Debug|Any CPU = Debug|Any CPU
		Debug|ARM = Debug|ARM
		Debug|x64 = Debug|x64
		Debug|x86 = Debug|x86
		Release|Any CPU = Release|Any CPU
		Release|ARM = Release|ARM
		Release|x64 = Release|x64
		Release|x86 = Release|x86
	EndGlobalSection
	GlobalSection(ProjectConfigurationPlatforms) = postSolution
		{6123C194-53BD-4843-A696-7E95373AF00A}.Debug|Any CPU.ActiveCfg = Debug|Any CPU
		{6123C194-53BD-4843-A696-7E95373AF00A}.Debug|Any CPU.Build.0 = Debug|Any CPU
		{6123C194-53BD-4843-A696-7E95373AF00A}.Debug|ARM.ActiveCfg = Debug|Any CPU
		{6123C194-53BD-4843-A696-7E95373AF00A}.Debug|x64.ActiveCfg = Debug|Any CPU
		{6123C194-53BD-4843-A696-7E95373AF00A}.Debug|x86.ActiveCfg = Debug|Any CPU
		{6123C194-53BD-4843-A696-7E95373AF00A}.Release|Any CPU.ActiveCfg = Release|Any CPU
		{6123C194-53BD-4843-A696-7E95373AF00A}.Release|Any CPU.Build.0 = Release|Any CPU
		{6123C194-53BD-4843-A696-7E95373AF00A}.Release|ARM.ActiveCfg = Release|Any CPU
		{6123C194-53BD-4843-A696-7E95373AF00A}.Release|x64.ActiveCfg = Release|Any CPU
		{6123C194-53BD-4843-A696-7E95373AF00A}.Release|x86.ActiveCfg = Release|Any CPU
		{223B7913-164C-4907-89E2-A8D5AF0567DE}.Debug|Any CPU.ActiveCfg = Debug|Any CPU
		{223B7913-164C-4907-89E2-A8D5AF0567DE}.Debug|Any CPU.Build.0 = Debug|Any CPU
		{223B7913-164C-4907-89E2-A8D5AF0567DE}.Debug|ARM.ActiveCfg = Debug|Any CPU
		{223B7913-164C-4907-89E2-A8D5AF0567DE}.Debug|x64.ActiveCfg = Debug|Any CPU
		{223B7913-164C-4907-89E2-A8D5AF0567DE}.Debug|x86.ActiveCfg = Debug|Any CPU
		{223B7913-164C-4907-89E2-A8D5AF0567DE}.Release|Any CPU.ActiveCfg = Release|Any CPU
		{223B7913-164C-4907-89E2-A8D5AF0567DE}.Release|Any CPU.Build.0 = Release|Any CPU
		{223B7913-164C-4907-89E2-A8D5AF0567DE}.Release|ARM.ActiveCfg = Release|Any CPU
		{223B7913-164C-4907-89E2-A8D5AF0567DE}.Release|x64.ActiveCfg = Release|Any CPU
		{223B7913-164C-4907-89E2-A8D5AF0567DE}.Release|x86.ActiveCfg = Release|Any CPU
		{56B01358-1B29-48B3-B1AB-D38C7A8E6FC0}.Debug|Any CPU.ActiveCfg = Debug|Any CPU
		{56B01358-1B29-48B3-B1AB-D38C7A8E6FC0}.Debug|Any CPU.Build.0 = Debug|Any CPU
		{56B01358-1B29-48B3-B1AB-D38C7A8E6FC0}.Debug|ARM.ActiveCfg = Debug|Any CPU
		{56B01358-1B29-48B3-B1AB-D38C7A8E6FC0}.Debug|x64.ActiveCfg = Debug|Any CPU
		{56B01358-1B29-48B3-B1AB-D38C7A8E6FC0}.Debug|x86.ActiveCfg = Debug|Any CPU
		{56B01358-1B29-48B3-B1AB-D38C7A8E6FC0}.Release|Any CPU.ActiveCfg = Release|Any CPU
		{56B01358-1B29-48B3-B1AB-D38C7A8E6FC0}.Release|Any CPU.Build.0 = Release|Any CPU
		{56B01358-1B29-48B3-B1AB-D38C7A8E6FC0}.Release|ARM.ActiveCfg = Release|Any CPU
		{56B01358-1B29-48B3-B1AB-D38C7A8E6FC0}.Release|x64.ActiveCfg = Release|Any CPU
		{56B01358-1B29-48B3-B1AB-D38C7A8E6FC0}.Release|x86.ActiveCfg = Release|Any CPU
		{DD5866EE-4D8F-436A-9319-556259AD0E25}.Debug|Any CPU.ActiveCfg = Debug|Any CPU
		{DD5866EE-4D8F-436A-9319-556259AD0E25}.Debug|Any CPU.Build.0 = Debug|Any CPU
		{DD5866EE-4D8F-436A-9319-556259AD0E25}.Debug|ARM.ActiveCfg = Debug|Any CPU
		{DD5866EE-4D8F-436A-9319-556259AD0E25}.Debug|x64.ActiveCfg = Debug|Any CPU
		{DD5866EE-4D8F-436A-9319-556259AD0E25}.Debug|x86.ActiveCfg = Debug|Any CPU
		{DD5866EE-4D8F-436A-9319-556259AD0E25}.Release|Any CPU.ActiveCfg = Release|Any CPU
		{DD5866EE-4D8F-436A-9319-556259AD0E25}.Release|Any CPU.Build.0 = Release|Any CPU
		{DD5866EE-4D8F-436A-9319-556259AD0E25}.Release|ARM.ActiveCfg = Release|Any CPU
		{DD5866EE-4D8F-436A-9319-556259AD0E25}.Release|x64.ActiveCfg = Release|Any CPU
		{DD5866EE-4D8F-436A-9319-556259AD0E25}.Release|x86.ActiveCfg = Release|Any CPU
		{F4051B19-2EDE-4B8A-A154-D762EE17EA5F}.Debug|Any CPU.ActiveCfg = Debug|Any CPU
		{F4051B19-2EDE-4B8A-A154-D762EE17EA5F}.Debug|Any CPU.Build.0 = Debug|Any CPU
		{F4051B19-2EDE-4B8A-A154-D762EE17EA5F}.Debug|ARM.ActiveCfg = Debug|Any CPU
		{F4051B19-2EDE-4B8A-A154-D762EE17EA5F}.Debug|x64.ActiveCfg = Debug|Any CPU
		{F4051B19-2EDE-4B8A-A154-D762EE17EA5F}.Debug|x86.ActiveCfg = Debug|Any CPU
		{F4051B19-2EDE-4B8A-A154-D762EE17EA5F}.Release|Any CPU.ActiveCfg = Release|Any CPU
		{F4051B19-2EDE-4B8A-A154-D762EE17EA5F}.Release|Any CPU.Build.0 = Release|Any CPU
		{F4051B19-2EDE-4B8A-A154-D762EE17EA5F}.Release|ARM.ActiveCfg = Release|Any CPU
		{F4051B19-2EDE-4B8A-A154-D762EE17EA5F}.Release|x64.ActiveCfg = Release|Any CPU
		{F4051B19-2EDE-4B8A-A154-D762EE17EA5F}.Release|x86.ActiveCfg = Release|Any CPU
		{A26FEC3C-3081-4BCA-8B67-1A4882A387F3}.Debug|Any CPU.ActiveCfg = Debug|Any CPU
		{A26FEC3C-3081-4BCA-8B67-1A4882A387F3}.Debug|Any CPU.Build.0 = Debug|Any CPU
		{A26FEC3C-3081-4BCA-8B67-1A4882A387F3}.Debug|ARM.ActiveCfg = Debug|Any CPU
		{A26FEC3C-3081-4BCA-8B67-1A4882A387F3}.Debug|x64.ActiveCfg = Debug|Any CPU
		{A26FEC3C-3081-4BCA-8B67-1A4882A387F3}.Debug|x86.ActiveCfg = Debug|Any CPU
		{A26FEC3C-3081-4BCA-8B67-1A4882A387F3}.Release|Any CPU.ActiveCfg = Release|Any CPU
		{A26FEC3C-3081-4BCA-8B67-1A4882A387F3}.Release|Any CPU.Build.0 = Release|Any CPU
		{A26FEC3C-3081-4BCA-8B67-1A4882A387F3}.Release|ARM.ActiveCfg = Release|Any CPU
		{A26FEC3C-3081-4BCA-8B67-1A4882A387F3}.Release|x64.ActiveCfg = Release|Any CPU
		{A26FEC3C-3081-4BCA-8B67-1A4882A387F3}.Release|x86.ActiveCfg = Release|Any CPU
		{C27298F0-40FD-461B-B0FB-D314314D88F6}.Debug|Any CPU.ActiveCfg = Debug|Any CPU
		{C27298F0-40FD-461B-B0FB-D314314D88F6}.Debug|Any CPU.Build.0 = Debug|Any CPU
		{C27298F0-40FD-461B-B0FB-D314314D88F6}.Debug|ARM.ActiveCfg = Debug|Any CPU
		{C27298F0-40FD-461B-B0FB-D314314D88F6}.Debug|x64.ActiveCfg = Debug|Any CPU
		{C27298F0-40FD-461B-B0FB-D314314D88F6}.Debug|x86.ActiveCfg = Debug|Any CPU
		{C27298F0-40FD-461B-B0FB-D314314D88F6}.Release|Any CPU.ActiveCfg = Release|Any CPU
		{C27298F0-40FD-461B-B0FB-D314314D88F6}.Release|Any CPU.Build.0 = Release|Any CPU
		{C27298F0-40FD-461B-B0FB-D314314D88F6}.Release|ARM.ActiveCfg = Release|Any CPU
		{C27298F0-40FD-461B-B0FB-D314314D88F6}.Release|x64.ActiveCfg = Release|Any CPU
		{C27298F0-40FD-461B-B0FB-D314314D88F6}.Release|x86.ActiveCfg = Release|Any CPU
		{E004B743-A1BA-4BFB-90F8-67829D4E49FA}.Debug|Any CPU.ActiveCfg = Debug|Any CPU
		{E004B743-A1BA-4BFB-90F8-67829D4E49FA}.Debug|Any CPU.Build.0 = Debug|Any CPU
		{E004B743-A1BA-4BFB-90F8-67829D4E49FA}.Debug|ARM.ActiveCfg = Debug|Any CPU
		{E004B743-A1BA-4BFB-90F8-67829D4E49FA}.Debug|x64.ActiveCfg = Debug|Any CPU
		{E004B743-A1BA-4BFB-90F8-67829D4E49FA}.Debug|x86.ActiveCfg = Debug|Any CPU
		{E004B743-A1BA-4BFB-90F8-67829D4E49FA}.Release|Any CPU.ActiveCfg = Release|Any CPU
		{E004B743-A1BA-4BFB-90F8-67829D4E49FA}.Release|Any CPU.Build.0 = Release|Any CPU
		{E004B743-A1BA-4BFB-90F8-67829D4E49FA}.Release|ARM.ActiveCfg = Release|Any CPU
		{E004B743-A1BA-4BFB-90F8-67829D4E49FA}.Release|x64.ActiveCfg = Release|Any CPU
		{E004B743-A1BA-4BFB-90F8-67829D4E49FA}.Release|x86.ActiveCfg = Release|Any CPU
	EndGlobalSection
	GlobalSection(SolutionProperties) = preSolution
		HideSolutionNode = FALSE
	EndGlobalSection
EndGlobal
