
Microsoft Visual Studio Solution File, Format Version 12.00
# Visual Studio 2013
VisualStudioVersion = 12.0.31101.0
MinimumVisualStudioVersion = 10.0.40219.1
Project("{FAE04EC0-301F-11D3-BF4B-00C04F79EFBC}") = "01.Numbers-from-1-ToN", "01.Numbers-from-1-ToN\01.Numbers-from-1-ToN.csproj", "{177F76EF-D7C7-4EFC-B443-6F36EB05515D}"
EndProject
Project("{FAE04EC0-301F-11D3-BF4B-00C04F79EFBC}") = "02.Numbers-Not-Divisible-by-3-and-7", "02.Numbers-Not-Divisible-by-3-and-7\02.Numbers-Not-Divisible-by-3-and-7.csproj", "{C76958EF-2CD2-4DE7-A267-03D76C34586C}"
EndProject
Project("{FAE04EC0-301F-11D3-BF4B-00C04F79EFBC}") = "03.Min,-Max,-Sum-and-Average-of-N-Numbers", "03.Min,-Max,-Sum-and-Average-of-N-Numbers\03.Min,-Max,-Sum-and-Average-of-N-Numbers.csproj", "{67D90B7D-8251-474D-85D1-D40BF0980702}"
EndProject
Project("{FAE04EC0-301F-11D3-BF4B-00C04F79EFBC}") = "04.Print-a-Deck-of-52-Cards", "04.Print a Deck-of-52-Cards\04.Print-a-Deck-of-52-Cards.csproj", "{2D71A22D-80A9-4A51-8526-3892BA1E5930}"
EndProject
Project("{FAE04EC0-301F-11D3-BF4B-00C04F79EFBC}") = "05.Calculate5", "05.Calculate\05.Calculate5.csproj", "{3BF75E09-EE3B-40DE-BC36-E951940AAF78}"
EndProject
Project("{FAE04EC0-301F-11D3-BF4B-00C04F79EFBC}") = "06.Calculate6", "06.Calculate\06.Calculate6.csproj", "{9A50BC88-36DE-4851-B415-BBAA5F28E251}"
EndProject
Project("{FAE04EC0-301F-11D3-BF4B-00C04F79EFBC}") = "07.Calculate7", "07.Calculate7\07.Calculate7.csproj", "{00ADFDD8-2CCE-4E37-8D25-4B96E1AB8D4D}"
EndProject
Project("{FAE04EC0-301F-11D3-BF4B-00C04F79EFBC}") = "08.Catalan-Numbers", "08.CatalanNumbers\08.Catalan-Numbers.csproj", "{99104C3B-9363-40A4-9244-4E0DFE995877}"
EndProject
Project("{FAE04EC0-301F-11D3-BF4B-00C04F79EFBC}") = "09.Matrix-Of-Numbers", "09.Matrix-Of-Numbers\09.Matrix-Of-Numbers.csproj", "{DDB5F33D-0DFF-4CFD-9050-B3DBE35E339F}"
EndProject
Project("{FAE04EC0-301F-11D3-BF4B-00C04F79EFBC}") = "10.Odd-and-Even-Product", "10.Odd-and-Even-Product\10.Odd-and-Even-Product.csproj", "{B0AC752F-E46E-4446-9088-3BE249353948}"
EndProject
Project("{FAE04EC0-301F-11D3-BF4B-00C04F79EFBC}") = "11.Random-Numbers-in-Given-Range", "11.Random-Numbers-in-Given-Range\11.Random-Numbers-in-Given-Range.csproj", "{0030C0BF-4EF0-4717-872F-39FCB1A4D8AB}"
EndProject
Project("{FAE04EC0-301F-11D3-BF4B-00C04F79EFBC}") = "12.Randomize-the-Numbers1-N", "12.Randomize-the-Numbers1-N\12.Randomize-the-Numbers1-N.csproj", "{EE50C4C0-228E-41B1-BCEF-F253787A1A47}"
EndProject
Project("{FAE04EC0-301F-11D3-BF4B-00C04F79EFBC}") = "13.Binary-to-Decimal-Number", "13.Binary-to-Decimal-Number\13.Binary-to-Decimal-Number.csproj", "{D780F6C7-6FA6-422C-9819-AB7377E6D395}"
EndProject
Project("{FAE04EC0-301F-11D3-BF4B-00C04F79EFBC}") = "14.Decimal-To-Binary-Number", "14.Decimal-To-Binary-Number\14.Decimal-To-Binary-Number.csproj", "{A8C2F671-65BC-41AE-B2AA-8E1D56294042}"
EndProject
Project("{FAE04EC0-301F-11D3-BF4B-00C04F79EFBC}") = "15.Hexadecimal-To-Decimal-Number", "15.Hexadecimal-To-Decimal-Number\15.Hexadecimal-To-Decimal-Number.csproj", "{2C8DB57B-328C-4F04-81D9-3CEBC9752065}"
EndProject
Project("{FAE04EC0-301F-11D3-BF4B-00C04F79EFBC}") = "16.Decimal-To-Hexadecimal-Number", "16.Decimal-To-Hexadecimal-Number\16.Decimal-To-Hexadecimal-Number.csproj", "{085EFA19-E783-4AFE-A26B-D610FA965BFB}"
EndProject
Project("{FAE04EC0-301F-11D3-BF4B-00C04F79EFBC}") = "17.Calculate-GCD", "17.Calculate-GCD\17.Calculate-GCD.csproj", "{85B4FABD-969C-47ED-8DBD-433DEC16804C}"
EndProject
Project("{FAE04EC0-301F-11D3-BF4B-00C04F79EFBC}") = "18.Trailing-Zeroes-in-N!", "18.Trailing-Zeroes-in-N!\18.Trailing-Zeroes-in-N!.csproj", "{FCD5EE8F-8EFE-48C0-A175-ECD0ACC5D197}"
EndProject
Project("{FAE04EC0-301F-11D3-BF4B-00C04F79EFBC}") = "19.Spiral-Matrix", "19.Spiral-Matrix\19.Spiral-Matrix.csproj", "{35CE0295-3850-41BE-8B71-155160260343}"
EndProject
Global
	GlobalSection(SolutionConfigurationPlatforms) = preSolution
		Debug|Any CPU = Debug|Any CPU
		Release|Any CPU = Release|Any CPU
	EndGlobalSection
	GlobalSection(ProjectConfigurationPlatforms) = postSolution
		{177F76EF-D7C7-4EFC-B443-6F36EB05515D}.Debug|Any CPU.ActiveCfg = Debug|Any CPU
		{177F76EF-D7C7-4EFC-B443-6F36EB05515D}.Debug|Any CPU.Build.0 = Debug|Any CPU
		{177F76EF-D7C7-4EFC-B443-6F36EB05515D}.Release|Any CPU.ActiveCfg = Release|Any CPU
		{177F76EF-D7C7-4EFC-B443-6F36EB05515D}.Release|Any CPU.Build.0 = Release|Any CPU
		{C76958EF-2CD2-4DE7-A267-03D76C34586C}.Debug|Any CPU.ActiveCfg = Debug|Any CPU
		{C76958EF-2CD2-4DE7-A267-03D76C34586C}.Debug|Any CPU.Build.0 = Debug|Any CPU
		{C76958EF-2CD2-4DE7-A267-03D76C34586C}.Release|Any CPU.ActiveCfg = Release|Any CPU
		{C76958EF-2CD2-4DE7-A267-03D76C34586C}.Release|Any CPU.Build.0 = Release|Any CPU
		{67D90B7D-8251-474D-85D1-D40BF0980702}.Debug|Any CPU.ActiveCfg = Debug|Any CPU
		{67D90B7D-8251-474D-85D1-D40BF0980702}.Debug|Any CPU.Build.0 = Debug|Any CPU
		{67D90B7D-8251-474D-85D1-D40BF0980702}.Release|Any CPU.ActiveCfg = Release|Any CPU
		{67D90B7D-8251-474D-85D1-D40BF0980702}.Release|Any CPU.Build.0 = Release|Any CPU
		{2D71A22D-80A9-4A51-8526-3892BA1E5930}.Debug|Any CPU.ActiveCfg = Debug|Any CPU
		{2D71A22D-80A9-4A51-8526-3892BA1E5930}.Debug|Any CPU.Build.0 = Debug|Any CPU
		{2D71A22D-80A9-4A51-8526-3892BA1E5930}.Release|Any CPU.ActiveCfg = Release|Any CPU
		{2D71A22D-80A9-4A51-8526-3892BA1E5930}.Release|Any CPU.Build.0 = Release|Any CPU
		{3BF75E09-EE3B-40DE-BC36-E951940AAF78}.Debug|Any CPU.ActiveCfg = Debug|Any CPU
		{3BF75E09-EE3B-40DE-BC36-E951940AAF78}.Debug|Any CPU.Build.0 = Debug|Any CPU
		{3BF75E09-EE3B-40DE-BC36-E951940AAF78}.Release|Any CPU.ActiveCfg = Release|Any CPU
		{3BF75E09-EE3B-40DE-BC36-E951940AAF78}.Release|Any CPU.Build.0 = Release|Any CPU
		{9A50BC88-36DE-4851-B415-BBAA5F28E251}.Debug|Any CPU.ActiveCfg = Debug|Any CPU
		{9A50BC88-36DE-4851-B415-BBAA5F28E251}.Debug|Any CPU.Build.0 = Debug|Any CPU
		{9A50BC88-36DE-4851-B415-BBAA5F28E251}.Release|Any CPU.ActiveCfg = Release|Any CPU
		{9A50BC88-36DE-4851-B415-BBAA5F28E251}.Release|Any CPU.Build.0 = Release|Any CPU
		{00ADFDD8-2CCE-4E37-8D25-4B96E1AB8D4D}.Debug|Any CPU.ActiveCfg = Debug|Any CPU
		{00ADFDD8-2CCE-4E37-8D25-4B96E1AB8D4D}.Debug|Any CPU.Build.0 = Debug|Any CPU
		{00ADFDD8-2CCE-4E37-8D25-4B96E1AB8D4D}.Release|Any CPU.ActiveCfg = Release|Any CPU
		{00ADFDD8-2CCE-4E37-8D25-4B96E1AB8D4D}.Release|Any CPU.Build.0 = Release|Any CPU
		{99104C3B-9363-40A4-9244-4E0DFE995877}.Debug|Any CPU.ActiveCfg = Debug|Any CPU
		{99104C3B-9363-40A4-9244-4E0DFE995877}.Debug|Any CPU.Build.0 = Debug|Any CPU
		{99104C3B-9363-40A4-9244-4E0DFE995877}.Release|Any CPU.ActiveCfg = Release|Any CPU
		{99104C3B-9363-40A4-9244-4E0DFE995877}.Release|Any CPU.Build.0 = Release|Any CPU
		{DDB5F33D-0DFF-4CFD-9050-B3DBE35E339F}.Debug|Any CPU.ActiveCfg = Debug|Any CPU
		{DDB5F33D-0DFF-4CFD-9050-B3DBE35E339F}.Debug|Any CPU.Build.0 = Debug|Any CPU
		{DDB5F33D-0DFF-4CFD-9050-B3DBE35E339F}.Release|Any CPU.ActiveCfg = Release|Any CPU
		{DDB5F33D-0DFF-4CFD-9050-B3DBE35E339F}.Release|Any CPU.Build.0 = Release|Any CPU
		{B0AC752F-E46E-4446-9088-3BE249353948}.Debug|Any CPU.ActiveCfg = Debug|Any CPU
		{B0AC752F-E46E-4446-9088-3BE249353948}.Debug|Any CPU.Build.0 = Debug|Any CPU
		{B0AC752F-E46E-4446-9088-3BE249353948}.Release|Any CPU.ActiveCfg = Release|Any CPU
		{B0AC752F-E46E-4446-9088-3BE249353948}.Release|Any CPU.Build.0 = Release|Any CPU
		{0030C0BF-4EF0-4717-872F-39FCB1A4D8AB}.Debug|Any CPU.ActiveCfg = Debug|Any CPU
		{0030C0BF-4EF0-4717-872F-39FCB1A4D8AB}.Debug|Any CPU.Build.0 = Debug|Any CPU
		{0030C0BF-4EF0-4717-872F-39FCB1A4D8AB}.Release|Any CPU.ActiveCfg = Release|Any CPU
		{0030C0BF-4EF0-4717-872F-39FCB1A4D8AB}.Release|Any CPU.Build.0 = Release|Any CPU
		{EE50C4C0-228E-41B1-BCEF-F253787A1A47}.Debug|Any CPU.ActiveCfg = Debug|Any CPU
		{EE50C4C0-228E-41B1-BCEF-F253787A1A47}.Debug|Any CPU.Build.0 = Debug|Any CPU
		{EE50C4C0-228E-41B1-BCEF-F253787A1A47}.Release|Any CPU.ActiveCfg = Release|Any CPU
		{EE50C4C0-228E-41B1-BCEF-F253787A1A47}.Release|Any CPU.Build.0 = Release|Any CPU
		{D780F6C7-6FA6-422C-9819-AB7377E6D395}.Debug|Any CPU.ActiveCfg = Debug|Any CPU
		{D780F6C7-6FA6-422C-9819-AB7377E6D395}.Debug|Any CPU.Build.0 = Debug|Any CPU
		{D780F6C7-6FA6-422C-9819-AB7377E6D395}.Release|Any CPU.ActiveCfg = Release|Any CPU
		{D780F6C7-6FA6-422C-9819-AB7377E6D395}.Release|Any CPU.Build.0 = Release|Any CPU
		{A8C2F671-65BC-41AE-B2AA-8E1D56294042}.Debug|Any CPU.ActiveCfg = Debug|Any CPU
		{A8C2F671-65BC-41AE-B2AA-8E1D56294042}.Debug|Any CPU.Build.0 = Debug|Any CPU
		{A8C2F671-65BC-41AE-B2AA-8E1D56294042}.Release|Any CPU.ActiveCfg = Release|Any CPU
		{A8C2F671-65BC-41AE-B2AA-8E1D56294042}.Release|Any CPU.Build.0 = Release|Any CPU
		{2C8DB57B-328C-4F04-81D9-3CEBC9752065}.Debug|Any CPU.ActiveCfg = Debug|Any CPU
		{2C8DB57B-328C-4F04-81D9-3CEBC9752065}.Debug|Any CPU.Build.0 = Debug|Any CPU
		{2C8DB57B-328C-4F04-81D9-3CEBC9752065}.Release|Any CPU.ActiveCfg = Release|Any CPU
		{2C8DB57B-328C-4F04-81D9-3CEBC9752065}.Release|Any CPU.Build.0 = Release|Any CPU
		{085EFA19-E783-4AFE-A26B-D610FA965BFB}.Debug|Any CPU.ActiveCfg = Debug|Any CPU
		{085EFA19-E783-4AFE-A26B-D610FA965BFB}.Debug|Any CPU.Build.0 = Debug|Any CPU
		{085EFA19-E783-4AFE-A26B-D610FA965BFB}.Release|Any CPU.ActiveCfg = Release|Any CPU
		{085EFA19-E783-4AFE-A26B-D610FA965BFB}.Release|Any CPU.Build.0 = Release|Any CPU
		{85B4FABD-969C-47ED-8DBD-433DEC16804C}.Debug|Any CPU.ActiveCfg = Debug|Any CPU
		{85B4FABD-969C-47ED-8DBD-433DEC16804C}.Debug|Any CPU.Build.0 = Debug|Any CPU
		{85B4FABD-969C-47ED-8DBD-433DEC16804C}.Release|Any CPU.ActiveCfg = Release|Any CPU
		{85B4FABD-969C-47ED-8DBD-433DEC16804C}.Release|Any CPU.Build.0 = Release|Any CPU
		{FCD5EE8F-8EFE-48C0-A175-ECD0ACC5D197}.Debug|Any CPU.ActiveCfg = Debug|Any CPU
		{FCD5EE8F-8EFE-48C0-A175-ECD0ACC5D197}.Debug|Any CPU.Build.0 = Debug|Any CPU
		{FCD5EE8F-8EFE-48C0-A175-ECD0ACC5D197}.Release|Any CPU.ActiveCfg = Release|Any CPU
		{FCD5EE8F-8EFE-48C0-A175-ECD0ACC5D197}.Release|Any CPU.Build.0 = Release|Any CPU
		{35CE0295-3850-41BE-8B71-155160260343}.Debug|Any CPU.ActiveCfg = Debug|Any CPU
		{35CE0295-3850-41BE-8B71-155160260343}.Debug|Any CPU.Build.0 = Debug|Any CPU
		{35CE0295-3850-41BE-8B71-155160260343}.Release|Any CPU.ActiveCfg = Release|Any CPU
		{35CE0295-3850-41BE-8B71-155160260343}.Release|Any CPU.Build.0 = Release|Any CPU
	EndGlobalSection
	GlobalSection(SolutionProperties) = preSolution
		HideSolutionNode = FALSE
	EndGlobalSection
EndGlobal
