
Microsoft Visual Studio Solution File, Format Version 12.00
# Visual Studio 2013
VisualStudioVersion = 12.0.31101.0
MinimumVisualStudioVersion = 10.0.40219.1
Project("{FAE04EC0-301F-11D3-BF4B-00C04F79EFBC}") = "StudentClass", "StudentClass\StudentClass\StudentClass.csproj", "{0E6A7D3E-0724-4C33-9B6F-2DF63A05A141}"
EndProject
Project("{FAE04EC0-301F-11D3-BF4B-00C04F79EFBC}") = "PersonClass", "PersonClass\PersonClass.csproj", "{176EF5A5-34AE-4E91-A7CF-1F110615B402}"
EndProject
Project("{FAE04EC0-301F-11D3-BF4B-00C04F79EFBC}") = "64BitArray", "64BitArray\64BitArray.csproj", "{FB1E9B38-D3D1-4A63-B60E-8E00BA9A3E38}"
EndProject
Global
	GlobalSection(SolutionConfigurationPlatforms) = preSolution
		Debug|Any CPU = Debug|Any CPU
		Debug|ARM = Debug|ARM
		Debug|x64 = Debug|x64
		Debug|x86 = Debug|x86
		Release|Any CPU = Release|Any CPU
		Release|ARM = Release|ARM
		Release|x64 = Release|x64
		Release|x86 = Release|x86
	EndGlobalSection
	GlobalSection(ProjectConfigurationPlatforms) = postSolution
		{0E6A7D3E-0724-4C33-9B6F-2DF63A05A141}.Debug|Any CPU.ActiveCfg = Debug|Any CPU
		{0E6A7D3E-0724-4C33-9B6F-2DF63A05A141}.Debug|Any CPU.Build.0 = Debug|Any CPU
		{0E6A7D3E-0724-4C33-9B6F-2DF63A05A141}.Debug|ARM.ActiveCfg = Debug|Any CPU
		{0E6A7D3E-0724-4C33-9B6F-2DF63A05A141}.Debug|x64.ActiveCfg = Debug|Any CPU
		{0E6A7D3E-0724-4C33-9B6F-2DF63A05A141}.Debug|x86.ActiveCfg = Debug|Any CPU
		{0E6A7D3E-0724-4C33-9B6F-2DF63A05A141}.Release|Any CPU.ActiveCfg = Release|Any CPU
		{0E6A7D3E-0724-4C33-9B6F-2DF63A05A141}.Release|Any CPU.Build.0 = Release|Any CPU
		{0E6A7D3E-0724-4C33-9B6F-2DF63A05A141}.Release|ARM.ActiveCfg = Release|Any CPU
		{0E6A7D3E-0724-4C33-9B6F-2DF63A05A141}.Release|x64.ActiveCfg = Release|Any CPU
		{0E6A7D3E-0724-4C33-9B6F-2DF63A05A141}.Release|x86.ActiveCfg = Release|Any CPU
		{176EF5A5-34AE-4E91-A7CF-1F110615B402}.Debug|Any CPU.ActiveCfg = Debug|Any CPU
		{176EF5A5-34AE-4E91-A7CF-1F110615B402}.Debug|Any CPU.Build.0 = Debug|Any CPU
		{176EF5A5-34AE-4E91-A7CF-1F110615B402}.Debug|ARM.ActiveCfg = Debug|Any CPU
		{176EF5A5-34AE-4E91-A7CF-1F110615B402}.Debug|x64.ActiveCfg = Debug|Any CPU
		{176EF5A5-34AE-4E91-A7CF-1F110615B402}.Debug|x86.ActiveCfg = Debug|Any CPU
		{176EF5A5-34AE-4E91-A7CF-1F110615B402}.Release|Any CPU.ActiveCfg = Release|Any CPU
		{176EF5A5-34AE-4E91-A7CF-1F110615B402}.Release|Any CPU.Build.0 = Release|Any CPU
		{176EF5A5-34AE-4E91-A7CF-1F110615B402}.Release|ARM.ActiveCfg = Release|Any CPU
		{176EF5A5-34AE-4E91-A7CF-1F110615B402}.Release|x64.ActiveCfg = Release|Any CPU
		{176EF5A5-34AE-4E91-A7CF-1F110615B402}.Release|x86.ActiveCfg = Release|Any CPU
		{FB1E9B38-D3D1-4A63-B60E-8E00BA9A3E38}.Debug|Any CPU.ActiveCfg = Debug|Any CPU
		{FB1E9B38-D3D1-4A63-B60E-8E00BA9A3E38}.Debug|Any CPU.Build.0 = Debug|Any CPU
		{FB1E9B38-D3D1-4A63-B60E-8E00BA9A3E38}.Debug|ARM.ActiveCfg = Debug|Any CPU
		{FB1E9B38-D3D1-4A63-B60E-8E00BA9A3E38}.Debug|x64.ActiveCfg = Debug|Any CPU
		{FB1E9B38-D3D1-4A63-B60E-8E00BA9A3E38}.Debug|x86.ActiveCfg = Debug|Any CPU
		{FB1E9B38-D3D1-4A63-B60E-8E00BA9A3E38}.Release|Any CPU.ActiveCfg = Release|Any CPU
		{FB1E9B38-D3D1-4A63-B60E-8E00BA9A3E38}.Release|Any CPU.Build.0 = Release|Any CPU
		{FB1E9B38-D3D1-4A63-B60E-8E00BA9A3E38}.Release|ARM.ActiveCfg = Release|Any CPU
		{FB1E9B38-D3D1-4A63-B60E-8E00BA9A3E38}.Release|x64.ActiveCfg = Release|Any CPU
		{FB1E9B38-D3D1-4A63-B60E-8E00BA9A3E38}.Release|x86.ActiveCfg = Release|Any CPU
	EndGlobalSection
	GlobalSection(SolutionProperties) = preSolution
		HideSolutionNode = FALSE
	EndGlobalSection
EndGlobal
